lockfileVersion: '9.0'

settings:
  autoInstallPeers: true
  excludeLinksFromLockfile: false

importers:

  .:
    dependencies:
      '@fluent/bundle':
        specifier: 0.19.1
        version: 0.19.1
      i18next:
        specifier: 26.4.2
        version: 26.4.2
      intl-messageformat:
        specifier: 12.1.2
        version: 12.1.2
      messageformat:
        specifier: 4.0.0
        version: 4.0.0

packages:

  '@fluent/bundle@0.19.1':
    resolution: {integrity: sha512-SWJLZrPamDPsJlFFOW1nkgN0j0rbPbmSdmK0XAoXlyqKieLtMVl4vzng3aR5pwKoUx0scug8+YY2oct3fdfy9A==}
    engines: {node: '>=18.0.0', npm: '>=7.0.0'}

  '@formatjs/fast-memoize@3.1.7':
    resolution: {integrity: sha512-zXfhLpvA6T7+efdt9JLbBwZ00tT7NsBMDVnDu8rpHeNNv8KfRZAMo2gkG0k9lK/Nzc//3kJ9pImsfuJxk3KhUA==}

  '@formatjs/icu-messageformat-parser@3.5.20':
    resolution: {integrity: sha512-DUzCb2iskGDKvLU7P+nz/rjpmN59luoTRbWHFFNYNnZTxWCKvwPI94rNll99TGZaI6XoTbDF0QGegk21GFrQZQ==}

  '@formatjs/icu-skeleton-parser@2.1.12':
    resolution: {integrity: sha512-ca7tZMLpfHX3sUD7hP6gE/qr6Iq89EDd3ZLeRhbsB7r0UD55DGJq+tmFLzrGrnx5StahUevQmQQVtbDRHsfDHA==}

  i18next@26.4.2:
    resolution: {integrity: sha512-RX+R0VLg13IbvRuJSxnqykUFS9vQZTl8wYpWPCIUDWVrSGjsQywB5Y+pjzrkboxGAuYfJZVH1InFTdgBdxq6ug==}
    peerDependencies:
      typescript: ^5 || ^6 || ^7
    peerDependenciesMeta:
      typescript:
        optional: true

  intl-messageformat@12.1.2:
    resolution: {integrity: sha512-Y7ZnMtT/04nVJnjf1/x/AkfP5we/iN0AhckDdlFPtnetk6/VTuj2OPW5SE7steMd3UNaOtky4KJJY6jwyvWfJg==}

  messageformat@4.0.0:
    resolution: {integrity: sha512-XKmJ/ffTWToWOlHJzt85ZChQgVGC0LHzNWuNK8zuYpNySsB0nIEmytOdSAOW9ETKtkajAUJf520m5gFHHnrTYg==}
    engines: {node: ^20.19 || ^22.12 || >=24}

snapshots:

  '@fluent/bundle@0.19.1': {}

  '@formatjs/fast-memoize@3.1.7': {}

  '@formatjs/icu-messageformat-parser@3.5.20':
    dependencies:
      '@formatjs/icu-skeleton-parser': 2.1.12

  '@formatjs/icu-skeleton-parser@2.1.12': {}

  i18next@26.4.2: {}

  intl-messageformat@12.1.2:
    dependencies:
      '@formatjs/fast-memoize': 3.1.7
      '@formatjs/icu-messageformat-parser': 3.5.20

  messageformat@4.0.0: {}
